
Microsoft Visual Studio Solution File, Format Version 12.00
# Visual Studio Version 17
VisualStudioVersion = 17.13.35919.96 d17.13
MinimumVisualStudioVersion = 10.0.40219.1
Project("{FAE04EC0-301F-11D3-BF4B-00C04F79EFBC}") = "TestAPI", "TestAPI.csproj", "{566A2768-CDD4-4291-AA9D-2BD92ADBEDAD}"
EndProject
Global
	GlobalSection(SolutionConfigurationPlatforms) = preSolution
		Debug|Any CPU = Debug|Any CPU
		Release|Any CPU = Release|Any CPU
	EndGlobalSection
	GlobalSection(ProjectConfigurationPlatforms) = postSolution
		{566A2768-CDD4-4291-AA9D-2BD92ADBEDAD}.Debug|Any CPU.ActiveCfg = Debug|Any CPU
		{566A2768-CDD4-4291-AA9D-2BD92ADBEDAD}.Debug|Any CPU.Build.0 = Debug|Any CPU
		{566A2768-CDD4-4291-AA9D-2BD92ADBEDAD}.Release|Any CPU.ActiveCfg = Release|Any CPU
		{566A2768-CDD4-4291-AA9D-2BD92ADBEDAD}.Release|Any CPU.Build.0 = Release|Any CPU
	EndGlobalSection
	GlobalSection(SolutionProperties) = preSolution
		HideSolutionNode = FALSE
	EndGlobalSection
	GlobalSection(ExtensibilityGlobals) = postSolution
		SolutionGuid = {842583B1-A0A9-4F8F-B1E8-F373F5CED10D}
	EndGlobalSection
EndGlobal
